
Microsoft Visual Studio Solution File, Format Version 12.00
# Visual Studio Version 16
VisualStudioVersion = 16.0.28917.182
MinimumVisualStudioVersion = 10.0.40219.1
Project("{9A19103F-16F7-4668-BE54-9A1E7A4F7556}") = "GrpcCoreClient", "GrpcCoreClient\GrpcCoreClient.csproj", "{8E6EF3CC-7335-4276-A99B-595D589DA038}"
EndProject
Project("{FAE04EC0-301F-11D3-BF4B-00C04F79EFBC}") = "ApiAuth", "ApiAuth\ApiAuth.csproj", "{72CABF8E-FC54-45D7-9B00-3A4846EDC591}"
EndProject
Global
	GlobalSection(SolutionConfigurationPlatforms) = preSolution
		Debug|Any CPU = Debug|Any CPU
		Release|Any CPU = Release|Any CPU
	EndGlobalSection
	GlobalSection(ProjectConfigurationPlatforms) = postSolution
		{8E6EF3CC-7335-4276-A99B-595D589DA038}.Debug|Any CPU.ActiveCfg = Debug|Any CPU
		{8E6EF3CC-7335-4276-A99B-595D589DA038}.Debug|Any CPU.Build.0 = Debug|Any CPU
		{8E6EF3CC-7335-4276-A99B-595D589DA038}.Release|Any CPU.ActiveCfg = Release|Any CPU
		{8E6EF3CC-7335-4276-A99B-595D589DA038}.Release|Any CPU.Build.0 = Release|Any CPU
		{72CABF8E-FC54-45D7-9B00-3A4846EDC591}.Debug|Any CPU.ActiveCfg = Debug|Any CPU
		{72CABF8E-FC54-45D7-9B00-3A4846EDC591}.Debug|Any CPU.Build.0 = Debug|Any CPU
		{72CABF8E-FC54-45D7-9B00-3A4846EDC591}.Release|Any CPU.ActiveCfg = Release|Any CPU
		{72CABF8E-FC54-45D7-9B00-3A4846EDC591}.Release|Any CPU.Build.0 = Release|Any CPU
	EndGlobalSection
	GlobalSection(SolutionProperties) = preSolution
		HideSolutionNode = FALSE
	EndGlobalSection
	GlobalSection(ExtensibilityGlobals) = postSolution
		SolutionGuid = {DEADC723-A2DC-40C3-98E0-DF1711798AD6}
	EndGlobalSection
EndGlobal
